
Microsoft Visual Studio Solution File, Format Version 12.00
# Visual Studio Version 16
VisualStudioVersion = 16.0.31702.278
MinimumVisualStudioVersion = 10.0.40219.1
Project("{FAE04EC0-301F-11D3-BF4B-00C04F79EFBC}") = "WPF-Mockup", "WPF-Mockup.csproj", "{7C988F1B-2467-4E49-9E7D-9064A8F9F004}"
EndProject
Global
	GlobalSection(SolutionConfigurationPlatforms) = preSolution
		Debug|Any CPU = Debug|Any CPU
		Release|Any CPU = Release|Any CPU
	EndGlobalSection
	GlobalSection(ProjectConfigurationPlatforms) = postSolution
		{7C988F1B-2467-4E49-9E7D-9064A8F9F004}.Debug|Any CPU.ActiveCfg = Debug|Any CPU
		{7C988F1B-2467-4E49-9E7D-9064A8F9F004}.Debug|Any CPU.Build.0 = Debug|Any CPU
		{7C988F1B-2467-4E49-9E7D-9064A8F9F004}.Release|Any CPU.ActiveCfg = Release|Any CPU
		{7C988F1B-2467-4E49-9E7D-9064A8F9F004}.Release|Any CPU.Build.0 = Release|Any CPU
	EndGlobalSection
	GlobalSection(SolutionProperties) = preSolution
		HideSolutionNode = FALSE
	EndGlobalSection
	GlobalSection(ExtensibilityGlobals) = postSolution
		SolutionGuid = {E96ECDC1-A964-499A-BABB-A27549308016}
	EndGlobalSection
EndGlobal
